# THIS IS AN AUTOGENERATED FILE. DO NOT EDIT THIS FILE DIRECTLY.
# yarn lockfile v1


"@now/node@^1.5.0":
  version "1.5.0"
  resolved "https://registry.yarnpkg.com/@now/node/-/node-1.5.0.tgz#a159772276ae11acf87cf2620a86204abff38f1c"
  integrity sha512-0MChNIBHsViTMPDsifTveWmMpUSUbVQYAHg9Qa8p7uF7pkfBAghyCGHSKHJVg3zxx0vVE4z+rYgaRS6xvF8qMA==
  dependencies:
    "@types/node" "*"

"@types/node@*":
  version "13.9.8"
  resolved "https://registry.yarnpkg.com/@types/node/-/node-13.9.8.tgz#09976420fc80a7a00bf40680c63815ed8c7616f4"
  integrity sha512-1WgO8hsyHynlx7nhP1kr0OFzsgKz5XDQL+Lfc3b1Q3qIln/n8cKD4m09NJ0+P1Rq7Zgnc7N0+SsMnoD1rEb0kA==

node-fetch@^2.6.0:
  version "2.6.0"
  resolved "https://registry.yarnpkg.com/node-fetch/-/node-fetch-2.6.0.tgz#e633456386d4aa55863f676a7ab0daa8fdecb0fd"
  integrity sha512-8dG4H5ujfvFiqDmVu9fQ5bOHUC15JMjMY/Zumv26oOvvVJjM67KF8koCWIabKQ1GJIa9r2mMZscBq/TbdOcmNA==
